{
  "version": "3",
  "packages": {
    "specifiers": {
      "jsr:@hono/hono@^4.5.1": "jsr:@hono/hono@4.5.1",
      "jsr:@std/assert@^1.0.0": "jsr:@std/assert@1.0.0",
      "jsr:@std/cli@^1.0.0-rc.1": "jsr:@std/cli@1.0.0-rc.5",
      "jsr:@std/cli@^1.0.0-rc.5": "jsr:@std/cli@1.0.0-rc.5",
      "jsr:@std/encoding@^1.0.1": "jsr:@std/encoding@1.0.1",
      "jsr:@std/fmt@^1.0.0-rc.1": "jsr:@std/fmt@1.0.0-rc.1",
      "jsr:@std/http@^1.0.0-rc.1": "jsr:@std/http@1.0.0-rc.4",
      "jsr:@std/internal@^1.0.1": "jsr:@std/internal@1.0.1",
      "jsr:@std/media-types@^1.0.1": "jsr:@std/media-types@1.0.1",
      "jsr:@std/net@^1.0.0-rc.1": "jsr:@std/net@1.0.0-rc.1",
      "jsr:@std/path@^1.0.0": "jsr:@std/path@1.0.0",
      "jsr:@std/streams@^1.0.0-rc.3": "jsr:@std/streams@1.0.0-rc.3",
      "jsr:@superstruct/core@^2.0.2": "jsr:@superstruct/core@2.0.2"
    },
    "jsr": {
      "@hono/hono@4.5.1": {
        "integrity": "459748ed4d4146c6e4bdff0213ff1ac44749904066ae02e7550d6c7f28c9bc4c"
      },
      "@std/assert@1.0.0": {
        "integrity": "0e4f6d873f7f35e2a1e6194ceee39686c996b9e5d134948e644d35d4c4df2008",
        "dependencies": [
          "jsr:@std/internal@^1.0.1"
        ]
      },
      "@std/cli@1.0.0-rc.5": {
        "integrity": "6ca4f53c10d20992aa25211c97d576f29e539160bf68368ad8e75e1c7ef76b61"
      },
      "@std/encoding@1.0.1": {
        "integrity": "5955c6c542ebb4ce6587c3b548dc71e07a6c27614f1976d1d3887b1196cf4e65"
      },
      "@std/fmt@1.0.0-rc.1": {
        "integrity": "3dbbd12f1704c62b5bd33c9ff928c8df47cd5c75f6637201a8c21298b28e43bc"
      },
      "@std/http@1.0.0-rc.4": {
        "integrity": "4f2cdd35a85713e8d645cfd49c4db8c3473f1c44006a8dd252689a38ac9ae6a9",
        "dependencies": [
          "jsr:@std/cli@^1.0.0-rc.5",
          "jsr:@std/encoding@^1.0.1",
          "jsr:@std/fmt@^1.0.0-rc.1",
          "jsr:@std/media-types@^1.0.1",
          "jsr:@std/net@^1.0.0-rc.1",
          "jsr:@std/path@^1.0.0",
          "jsr:@std/streams@^1.0.0-rc.3"
        ]
      },
      "@std/internal@1.0.1": {
        "integrity": "6f8c7544d06a11dd256c8d6ba54b11ed870aac6c5aeafff499892662c57673e6"
      },
      "@std/media-types@1.0.1": {
        "integrity": "f2ddc3497be0bd87ac0c9b9b26bb454f76bdc45e1b9a12146af47fab3ba2828c"
      },
      "@std/net@1.0.0-rc.1": {
        "integrity": "20af357943cfaf65cf800dda56142b48ed6126694c8ed806337ce9a06797c2c2"
      },
      "@std/path@1.0.0": {
        "integrity": "77fcb858b6e38777d1154df0f02245ba0b07e2c40ca3c0eec57c9233188c2d21"
      },
      "@std/streams@1.0.0-rc.3": {
        "integrity": "1e0e8af947c88933cdc4e6c5aed98270e3c9836b271108da14fb4cf4b9fdddc0"
      },
      "@superstruct/core@2.0.2": {
        "integrity": "b018ea1e2c89d03280a53c1b3344e98b7cad4625522dc754b4ef2d246154ea8f"
      }
    }
  },
  "remote": {},
  "workspace": {
    "dependencies": [
      "jsr:@hono/hono@^4.5.1",
      "jsr:@std/assert@^1.0.0",
      "jsr:@std/cli@^1.0.0-rc.1",
      "jsr:@std/http@^1.0.0-rc.1",
      "jsr:@std/path@^1.0.0",
      "jsr:@superstruct/core@^2.0.2"
    ]
  }
}
